
Microsoft Visual Studio Solution File, Format Version 12.00
# Visual Studio Version 17
VisualStudioVersion = 17.0.32014.148
MinimumVisualStudioVersion = 10.0.40219.1
Project("{2150E333-8FDC-42A3-9474-1A3956D46DE8}") = "0.Presentation", "0.Presentation", "{159C37D5-F6D1-4177-A802-2815A7623D65}"
EndProject
Project("{2150E333-8FDC-42A3-9474-1A3956D46DE8}") = "1.Services", "1.Services", "{34497632-D92E-40F4-B7EF-57E44A962072}"
EndProject
Project("{2150E333-8FDC-42A3-9474-1A3956D46DE8}") = "2.Apliccation", "2.Apliccation", "{0EC81583-F9AC-4AEE-A0B4-208F5BBB0F17}"
EndProject
Project("{2150E333-8FDC-42A3-9474-1A3956D46DE8}") = "3.Domain", "3.Domain", "{1B1DF33E-F282-4B8B-901F-D93432AF3361}"
EndProject
Project("{2150E333-8FDC-42A3-9474-1A3956D46DE8}") = "4.Infra", "4.Infra", "{29668D1D-5ABC-44CD-B050-446281945051}"
EndProject
Project("{2150E333-8FDC-42A3-9474-1A3956D46DE8}") = "4.1Data", "4.1Data", "{8C44079B-38B6-4F0F-8B6B-FF8F63693DAB}"
EndProject
Project("{2150E333-8FDC-42A3-9474-1A3956D46DE8}") = "CrossCuting", "CrossCuting", "{4FDB1E4B-2008-4F7B-9A3B-AE036FE6968F}"
EndProject
Project("{9A19103F-16F7-4668-BE54-9A1E7A4F7556}") = "ProjetoModeloDDD.Application", "ProjetoModeloDDD.Application\ProjetoModeloDDD.Application.csproj", "{91882B83-92BD-4CAF-92AC-A5637F977436}"
EndProject
Project("{FAE04EC0-301F-11D3-BF4B-00C04F79EFBC}") = "ProjetoModeloDDD.MVC", "ProjetoModeloDDD.MVC\ProjetoModeloDDD.MVC.csproj", "{A8662E0F-3D53-4674-B2BC-CF50B93B39B5}"
EndProject
Project("{FAE04EC0-301F-11D3-BF4B-00C04F79EFBC}") = "ProjetoModeloDDD.Infra.Data", "ClassLibrary1\ProjetoModeloDDD.Infra.Data.csproj", "{73EF39F3-C3B8-4EDC-B95A-F3C531179BFB}"
EndProject
Project("{FAE04EC0-301F-11D3-BF4B-00C04F79EFBC}") = "ProjetoModeloDDD.Domain", "ProjetoModeloDDD.Domains\ProjetoModeloDDD.Domain.csproj", "{9CFC05CE-3C47-4254-B283-A5443CEA3BD0}"
EndProject
Global
	GlobalSection(SolutionConfigurationPlatforms) = preSolution
		Debug|Any CPU = Debug|Any CPU
		Release|Any CPU = Release|Any CPU
	EndGlobalSection
	GlobalSection(ProjectConfigurationPlatforms) = postSolution
		{91882B83-92BD-4CAF-92AC-A5637F977436}.Debug|Any CPU.ActiveCfg = Debug|Any CPU
		{91882B83-92BD-4CAF-92AC-A5637F977436}.Debug|Any CPU.Build.0 = Debug|Any CPU
		{91882B83-92BD-4CAF-92AC-A5637F977436}.Release|Any CPU.ActiveCfg = Release|Any CPU
		{91882B83-92BD-4CAF-92AC-A5637F977436}.Release|Any CPU.Build.0 = Release|Any CPU
		{A8662E0F-3D53-4674-B2BC-CF50B93B39B5}.Debug|Any CPU.ActiveCfg = Debug|Any CPU
		{A8662E0F-3D53-4674-B2BC-CF50B93B39B5}.Debug|Any CPU.Build.0 = Debug|Any CPU
		{A8662E0F-3D53-4674-B2BC-CF50B93B39B5}.Release|Any CPU.ActiveCfg = Release|Any CPU
		{A8662E0F-3D53-4674-B2BC-CF50B93B39B5}.Release|Any CPU.Build.0 = Release|Any CPU
		{73EF39F3-C3B8-4EDC-B95A-F3C531179BFB}.Debug|Any CPU.ActiveCfg = Debug|Any CPU
		{73EF39F3-C3B8-4EDC-B95A-F3C531179BFB}.Debug|Any CPU.Build.0 = Debug|Any CPU
		{73EF39F3-C3B8-4EDC-B95A-F3C531179BFB}.Release|Any CPU.ActiveCfg = Release|Any CPU
		{73EF39F3-C3B8-4EDC-B95A-F3C531179BFB}.Release|Any CPU.Build.0 = Release|Any CPU
		{9CFC05CE-3C47-4254-B283-A5443CEA3BD0}.Debug|Any CPU.ActiveCfg = Debug|Any CPU
		{9CFC05CE-3C47-4254-B283-A5443CEA3BD0}.Debug|Any CPU.Build.0 = Debug|Any CPU
		{9CFC05CE-3C47-4254-B283-A5443CEA3BD0}.Release|Any CPU.ActiveCfg = Release|Any CPU
		{9CFC05CE-3C47-4254-B283-A5443CEA3BD0}.Release|Any CPU.Build.0 = Release|Any CPU
	EndGlobalSection
	GlobalSection(SolutionProperties) = preSolution
		HideSolutionNode = FALSE
	EndGlobalSection
	GlobalSection(NestedProjects) = preSolution
		{8C44079B-38B6-4F0F-8B6B-FF8F63693DAB} = {29668D1D-5ABC-44CD-B050-446281945051}
		{4FDB1E4B-2008-4F7B-9A3B-AE036FE6968F} = {29668D1D-5ABC-44CD-B050-446281945051}
		{91882B83-92BD-4CAF-92AC-A5637F977436} = {0EC81583-F9AC-4AEE-A0B4-208F5BBB0F17}
		{A8662E0F-3D53-4674-B2BC-CF50B93B39B5} = {159C37D5-F6D1-4177-A802-2815A7623D65}
		{73EF39F3-C3B8-4EDC-B95A-F3C531179BFB} = {8C44079B-38B6-4F0F-8B6B-FF8F63693DAB}
		{9CFC05CE-3C47-4254-B283-A5443CEA3BD0} = {1B1DF33E-F282-4B8B-901F-D93432AF3361}
	EndGlobalSection
	GlobalSection(ExtensibilityGlobals) = postSolution
		SolutionGuid = {DC3AC21B-8A60-410A-AA56-4D0729FFE750}
	EndGlobalSection
EndGlobal
